// !$*UTF8*$!
{
	archiveVersion = 1;
	classes = {
	};
	objectVersion = 77;
	objects = {

/* Begin PBXBuildFile section */
		BF40D4D82F52475800B1F8E1 /* Assets.xcassets in Resources */ = {isa = PBXBuildFile; fileRef = BF40D4D52F52475800B1F8E1 /* Assets.xcassets */; };
		BF40D4D92F52475800B1F8E1 /* AIKnowledgeAssistantApp.swift in Sources */ = {isa = PBXBuildFile; fileRef = BF40D4D42F52475800B1F8E1 /* AIKnowledgeAssistantApp.swift */; };
		BF40D4E22F5247D100B1F8E1 /* AIService.swift in Sources */ = {isa = PBXBuildFile; fileRef = BF40D4E12F5247D100B1F8E1 /* AIService.swift */; };
		BF40D4E42F5247F300B1F8E1 /* ChatViewModel.swift in Sources */ = {isa = PBXBuildFile; fileRef = BF40D4E32F5247F300B1F8E1 /* ChatViewModel.swift */; };
		BF40D4E62F52485A00B1F8E1 /* ChatView.swift in Sources */ = {isa = PBXBuildFile; fileRef = BF40D4E52F52485A00B1F8E1 /* ChatView.swift */; };
		BF40D4E82F524DD800B1F8E1 /* ChatMessage.swift in Sources */ = {isa = PBXBuildFile; fileRef = BF40D4E72F524DD800B1F8E1 /* ChatMessage.swift */; };
		BF40D4EA2F524E3900B1F8E1 /* ChatBubble.swift in Sources */ = {isa = PBXBuildFile; fileRef = BF40D4E92F524E3900B1F8E1 /* ChatBubble.swift */; };
		BFF1D1EF2F54446C00421234 /* ChatMemoryStore.swift in Sources */ = {isa = PBXBuildFile; fileRef = BFF1D1EE2F54446C00421234 /* ChatMemoryStore.swift */; };
/* End PBXBuildFile section */

/* Begin PBXFileReference section */
		BF40D4C62F52475000B1F8E1 /* AIKnowledgeAssistant.app */ = {isa = PBXFileReference; explicitFileType = wrapper.application; includeInIndex = 0; path = AIKnowledgeAssistant.app; sourceTree = BUILT_PRODUCTS_DIR; };
		BF40D4D42F52475800B1F8E1 /* AIKnowledgeAssistantApp.swift */ = {isa = PBXFileReference; lastKnownFileType = sourcecode.swift; path = AIKnowledgeAssistantApp.swift; sourceTree = "<group>"; };
		BF40D4D52F52475800B1F8E1 /* Assets.xcassets */ = {isa = PBXFileReference; lastKnownFileType = folder.assetcatalog; path = Assets.xcassets; sourceTree = "<group>"; };
		BF40D4E12F5247D100B1F8E1 /* AIService.swift */ = {isa = PBXFileReference; lastKnownFileType = sourcecode.swift; path = AIService.swift; sourceTree = "<group>"; };
		BF40D4E32F5247F300B1F8E1 /* ChatViewModel.swift */ = {isa = PBXFileReference; lastKnownFileType = sourcecode.swift; path = ChatViewModel.swift; sourceTree = "<group>"; };
		BF40D4E52F52485A00B1F8E1 /* ChatView.swift */ = {isa = PBXFileReference; lastKnownFileType = sourcecode.swift; path = ChatView.swift; sourceTree = "<group>"; };
		BF40D4E72F524DD800B1F8E1 /* ChatMessage.swift */ = {isa = PBXFileReference; lastKnownFileType = sourcecode.swift; path = ChatMessage.swift; sourceTree = "<group>"; };
		BF40D4E92F524E3900B1F8E1 /* ChatBubble.swift */ = {isa = PBXFileReference; lastKnownFileType = sourcecode.swift; path = ChatBubble.swift; sourceTree = "<group>"; };
		BFF1D1EE2F54446C00421234 /* ChatMemoryStore.swift */ = {isa = PBXFileReference; lastKnownFileType = sourcecode.swift; path = ChatMemoryStore.swift; sourceTree = "<group>"; };
/* End PBXFileReference section */

/* Begin PBXFrameworksBuildPhase section */
		BF40D4C32F52475000B1F8E1 /* Frameworks */ = {
			isa = PBXFrameworksBuildPhase;
			buildActionMask = 2147483647;
			files = (
			);
			runOnlyForDeploymentPostprocessing = 0;
		};
/* End PBXFrameworksBuildPhase section */

/* Begin PBXGroup section */
		BF40D4BD2F52475000B1F8E1 = {
			isa = PBXGroup;
			children = (
				BF40D4D72F52475800B1F8E1 /* AIKnowledgeAssistant */,
				BF40D4C72F52475000B1F8E1 /* Products */,
			);
			sourceTree = "<group>";
		};
		BF40D4C72F52475000B1F8E1 /* Products */ = {
			isa = PBXGroup;
			children = (
				BF40D4C62F52475000B1F8E1 /* AIKnowledgeAssistant.app */,
			);
			name = Products;
			sourceTree = "<group>";
		};
		BF40D4D72F52475800B1F8E1 /* AIKnowledgeAssistant */ = {
			isa = PBXGroup;
			children = (
				BF40D4DB2F52476500B1F8E1 /* App */,
				BF40D4DC2F52476E00B1F8E1 /* Assets */,
				BFF1D1ED2F54444D00421234 /* DataStore */,
				BF40D4DD2F52478800B1F8E1 /* Models */,
				BF40D4DE2F52478F00B1F8E1 /* Services */,
				BF40D4DF2F52479500B1F8E1 /* ViewModels */,
				BF40D4E02F5247A600B1F8E1 /* View */,
			);
			path = AIKnowledgeAssistant;
			sourceTree = "<group>";
		};
		BF40D4DB2F52476500B1F8E1 /* App */ = {
			isa = PBXGroup;
			children = (
				BF40D4D42F52475800B1F8E1 /* AIKnowledgeAssistantApp.swift */,
			);
			path = App;
			sourceTree = "<group>";
		};
		BF40D4DC2F52476E00B1F8E1 /* Assets */ = {
			isa = PBXGroup;
			children = (
				BF40D4D52F52475800B1F8E1 /* Assets.xcassets */,
			);
			path = Assets;
			sourceTree = "<group>";
		};
		BF40D4DD2F52478800B1F8E1 /* Models */ = {
			isa = PBXGroup;
			children = (
				BF40D4E72F524DD800B1F8E1 /* ChatMessage.swift */,
			);
			path = Models;
			sourceTree = "<group>";
		};
		BF40D4DE2F52478F00B1F8E1 /* Services */ = {
			isa = PBXGroup;
			children = (
				BF40D4E12F5247D100B1F8E1 /* AIService.swift */,
			);
			path = Services;
			sourceTree = "<group>";
		};
		BF40D4DF2F52479500B1F8E1 /* ViewModels */ = {
			isa = PBXGroup;
			children = (
				BF40D4E32F5247F300B1F8E1 /* ChatViewModel.swift */,
			);
			path = ViewModels;
			sourceTree = "<group>";
		};
		BF40D4E02F5247A600B1F8E1 /* View */ = {
			isa = PBXGroup;
			children = (
				BF40D4E52F52485A00B1F8E1 /* ChatView.swift */,
				BF40D4E92F524E3900B1F8E1 /* ChatBubble.swift */,
			);
			path = View;
			sourceTree = "<group>";
		};
		BFF1D1ED2F54444D00421234 /* DataStore */ = {
			isa = PBXGroup;
			children = (
				BFF1D1EE2F54446C00421234 /* ChatMemoryStore.swift */,
			);
			path = DataStore;
			sourceTree = "<group>";
		};
/* End PBXGroup section */

/* Begin PBXNativeTarget section */
		BF40D4C52F52475000B1F8E1 /* AIKnowledgeAssistant */ = {
			isa = PBXNativeTarget;
			buildConfigurationList = BF40D4D12F52475100B1F8E1 /* Build configuration list for PBXNativeTarget "AIKnowledgeAssistant" */;
			buildPhases = (
				BF40D4C22F52475000B1F8E1 /* Sources */,
				BF40D4C32F52475000B1F8E1 /* Frameworks */,
				BF40D4C42F52475000B1F8E1 /* Resources */,
			);
			buildRules = (
			);
			dependencies = (
			);
			name = AIKnowledgeAssistant;
			packageProductDependencies = (
			);
			productName = AIKnowledgeAssistant;
			productReference = BF40D4C62F52475000B1F8E1 /* AIKnowledgeAssistant.app */;
			productType = "com.apple.product-type.application";
		};
/* End PBXNativeTarget section */

/* Begin PBXProject section */
		BF40D4BE2F52475000B1F8E1 /* Project object */ = {
			isa = PBXProject;
			attributes = {
				BuildIndependentTargetsInParallel = 1;
				LastSwiftUpdateCheck = 2620;
				LastUpgradeCheck = 2620;
				TargetAttributes = {
					BF40D4C52F52475000B1F8E1 = {
						CreatedOnToolsVersion = 26.2;
					};
				};
			};
			buildConfigurationList = BF40D4C12F52475000B1F8E1 /* Build configuration list for PBXProject "AIKnowledgeAssistant" */;
			developmentRegion = en;
			hasScannedForEncodings = 0;
			knownRegions = (
				en,
				Base,
			);
			mainGroup = BF40D4BD2F52475000B1F8E1;
			minimizedProjectReferenceProxies = 1;
			preferredProjectObjectVersion = 77;
			productRefGroup = BF40D4C72F52475000B1F8E1 /* Products */;
			projectDirPath = "";
			projectRoot = "";
			targets = (
				BF40D4C52F52475000B1F8E1 /* AIKnowledgeAssistant */,
			);
		};
/* End PBXProject section */

/* Begin PBXResourcesBuildPhase section */
		BF40D4C42F52475000B1F8E1 /* Resources */ = {
			isa = PBXResourcesBuildPhase;
			buildActionMask = 2147483647;
			files = (
				BF40D4D82F52475800B1F8E1 /* Assets.xcassets in Resources */,
			);
			runOnlyForDeploymentPostprocessing = 0;
		};
/* End PBXResourcesBuildPhase section */

/* Begin PBXSourcesBuildPhase section */
		BF40D4C22F52475000B1F8E1 /* Sources */ = {
			isa = PBXSourcesBuildPhase;
			buildActionMask = 2147483647;
			files = (
				BF40D4E62F52485A00B1F8E1 /* ChatView.swift in Sources */,
				BF40D4EA2F524E3900B1F8E1 /* ChatBubble.swift in Sources */,
				BFF1D1EF2F54446C00421234 /* ChatMemoryStore.swift in Sources */,
				BF40D4D92F52475800B1F8E1 /* AIKnowledgeAssistantApp.swift in Sources */,
				BF40D4E42F5247F300B1F8E1 /* ChatViewModel.swift in Sources */,
				BF40D4E82F524DD800B1F8E1 /* ChatMessage.swift in Sources */,
				BF40D4E22F5247D100B1F8E1 /* AIService.swift in Sources */,
			);
			runOnlyForDeploymentPostprocessing = 0;
		};
/* End PBXSourcesBuildPhase section */

/* Begin XCBuildConfiguration section */
		BF40D4CF2F52475100B1F8E1 /* Debug */ = {
			isa = XCBuildConfiguration;
			buildSettings = {
				ALWAYS_SEARCH_USER_PATHS = NO;
				ASSETCATALOG_COMPILER_GENERATE_SWIFT_ASSET_SYMBOL_EXTENSIONS = YES;
				CLANG_ANALYZER_NONNULL = YES;
				CLANG_ANALYZER_NUMBER_OBJECT_CONVERSION = YES_AGGRESSIVE;
				CLANG_CXX_LANGUAGE_STANDARD = "gnu++20";
				CLANG_ENABLE_MODULES = YES;
				CLANG_ENABLE_OBJC_ARC = YES;
				CLANG_ENABLE_OBJC_WEAK = YES;
				CLANG_WARN_BLOCK_CAPTURE_AUTORELEASING = YES;
				CLANG_WARN_BOOL_CONVERSION = YES;
				CLANG_WARN_COMMA = YES;
				CLANG_WARN_CONSTANT_CONVERSION = YES;
				CLANG_WARN_DEPRECATED_OBJC_IMPLEMENTATIONS = YES;
				CLANG_WARN_DIRECT_OBJC_ISA_USAGE = YES_ERROR;
				CLANG_WARN_DOCUMENTATION_COMMENTS = YES;
				CLANG_WARN_EMPTY_BODY = YES;
				CLANG_WARN_ENUM_CONVERSION = YES;
				CLANG_WARN_INFINITE_RECURSION = YES;
				CLANG_WARN_INT_CONVERSION = YES;
				CLANG_WARN_NON_LITERAL_NULL_CONVERSION = YES;
				CLANG_WARN_OBJC_IMPLICIT_RETAIN_SELF = YES;
				CLANG_WARN_OBJC_LITERAL_CONVERSION = YES;
				CLANG_WARN_OBJC_ROOT_CLASS = YES_ERROR;
				CLANG_WARN_QUOTED_INCLUDE_IN_FRAMEWORK_HEADER = YES;
				CLANG_WARN_RANGE_LOOP_ANALYSIS = YES;
				CLANG_WARN_STRICT_PROTOTYPES = YES;
				CLANG_WARN_SUSPICIOUS_MOVE = YES;
				CLANG_WARN_UNGUARDED_AVAILABILITY = YES_AGGRESSIVE;
				CLANG_WARN_UNREACHABLE_CODE = YES;
				CLANG_WARN__DUPLICATE_METHOD_MATCH = YES;
				COPY_PHASE_STRIP = NO;
				DEBUG_INFORMATION_FORMAT = dwarf;
				ENABLE_STRICT_OBJC_MSGSEND = YES;
				ENABLE_TESTABILITY = YES;
				ENABLE_USER_SCRIPT_SANDBOXING = YES;
				GCC_C_LANGUAGE_STANDARD = gnu17;
				GCC_DYNAMIC_NO_PIC = NO;
				GCC_NO_COMMON_BLOCKS = YES;
				GCC_OPTIMIZATION_LEVEL = 0;
				GCC_PREPROCESSOR_DEFINITIONS = (
					"DEBUG=1",
					"$(inherited)",
				);
				GCC_WARN_64_TO_32_BIT_CONVERSION = YES;
				GCC_WARN_ABOUT_RETURN_TYPE = YES_ERROR;
				GCC_WARN_UNDECLARED_SELECTOR = YES;
				GCC_WARN_UNINITIALIZED_AUTOS = YES_AGGRESSIVE;
				GCC_WARN_UNUSED_FUNCTION = YES;
				GCC_WARN_UNUSED_VARIABLE = YES;
				IPHONEOS_DEPLOYMENT_TARGET = 26.2;
				LOCALIZATION_PREFERS_STRING_CATALOGS = YES;
				MTL_ENABLE_DEBUG_INFO = INCLUDE_SOURCE;
				MTL_FAST_MATH = YES;
				ONLY_ACTIVE_ARCH = YES;
				SDKROOT = iphoneos;
				SWIFT_ACTIVE_COMPILATION_CONDITIONS = "DEBUG $(inherited)";
				SWIFT_OPTIMIZATION_LEVEL = "-Onone";
			};
			name = Debug;
		};
		BF40D4D02F52475100B1F8E1 /* Release */ = {
			isa = XCBuildConfiguration;
			buildSettings = {
				ALWAYS_SEARCH_USER_PATHS = NO;
				ASSETCATALOG_COMPILER_GENERATE_SWIFT_ASSET_SYMBOL_EXTENSIONS = YES;
				CLANG_ANALYZER_NONNULL = YES;
				CLANG_ANALYZER_NUMBER_OBJECT_CONVERSION = YES_AGGRESSIVE;
				CLANG_CXX_LANGUAGE_STANDARD = "gnu++20";
				CLANG_ENABLE_MODULES = YES;
				CLANG_ENABLE_OBJC_ARC = YES;
				CLANG_ENABLE_OBJC_WEAK = YES;
				CLANG_WARN_BLOCK_CAPTURE_AUTORELEASING = YES;
				CLANG_WARN_BOOL_CONVERSION = YES;
				CLANG_WARN_COMMA = YES;
				CLANG_WARN_CONSTANT_CONVERSION = YES;
				CLANG_WARN_DEPRECATED_OBJC_IMPLEMENTATIONS = YES;
				CLANG_WARN_DIRECT_OBJC_ISA_USAGE = YES_ERROR;
				CLANG_WARN_DOCUMENTATION_COMMENTS = YES;
				CLANG_WARN_EMPTY_BODY = YES;
				CLANG_WARN_ENUM_CONVERSION = YES;
				CLANG_WARN_INFINITE_RECURSION = YES;
				CLANG_WARN_INT_CONVERSION = YES;
				CLANG_WARN_NON_LITERAL_NULL_CONVERSION = YES;
				CLANG_WARN_OBJC_IMPLICIT_RETAIN_SELF = YES;
				CLANG_WARN_OBJC_LITERAL_CONVERSION = YES;
				CLANG_WARN_OBJC_ROOT_CLASS = YES_ERROR;
				CLANG_WARN_QUOTED_INCLUDE_IN_FRAMEWORK_HEADER = YES;
				CLANG_WARN_RANGE_LOOP_ANALYSIS = YES;
				CLANG_WARN_STRICT_PROTOTYPES = YES;
				CLANG_WARN_SUSPICIOUS_MOVE = YES;
				CLANG_WARN_UNGUARDED_AVAILABILITY = YES_AGGRESSIVE;
				CLANG_WARN_UNREACHABLE_CODE = YES;
				CLANG_WARN__DUPLICATE_METHOD_MATCH = YES;
				COPY_PHASE_STRIP = NO;
				DEBUG_INFORMATION_FORMAT = "dwarf-with-dsym";
				ENABLE_NS_ASSERTIONS = NO;
				ENABLE_STRICT_OBJC_MSGSEND = YES;
				ENABLE_USER_SCRIPT_SANDBOXING = YES;
				GCC_C_LANGUAGE_STANDARD = gnu17;
				GCC_NO_COMMON_BLOCKS = YES;
				GCC_WARN_64_TO_32_BIT_CONVERSION = YES;
				GCC_WARN_ABOUT_RETURN_TYPE = YES_ERROR;
				GCC_WARN_UNDECLARED_SELECTOR = YES;
				GCC_WARN_UNINITIALIZED_AUTOS = YES_AGGRESSIVE;
				GCC_WARN_UNUSED_FUNCTION = YES;
				GCC_WARN_UNUSED_VARIABLE = YES;
				IPHONEOS_DEPLOYMENT_TARGET = 26.2;
				LOCALIZATION_PREFERS_STRING_CATALOGS = YES;
				MTL_ENABLE_DEBUG_INFO = NO;
				MTL_FAST_MATH = YES;
				SDKROOT = iphoneos;
				SWIFT_COMPILATION_MODE = wholemodule;
				VALIDATE_PRODUCT = YES;
			};
			name = Release;
		};
		BF40D4D22F52475100B1F8E1 /* Debug */ = {
			isa = XCBuildConfiguration;
			buildSettings = {
				ASSETCATALOG_COMPILER_APPICON_NAME = AppIcon;
				ASSETCATALOG_COMPILER_GLOBAL_ACCENT_COLOR_NAME = AccentColor;
				CODE_SIGN_STYLE = Automatic;
				CURRENT_PROJECT_VERSION = 1;
				ENABLE_PREVIEWS = YES;
				GENERATE_INFOPLIST_FILE = YES;
				INFOPLIST_KEY_UIApplicationSceneManifest_Generation = YES;
				INFOPLIST_KEY_UIApplicationSupportsIndirectInputEvents = YES;
				INFOPLIST_KEY_UILaunchScreen_Generation = YES;
				INFOPLIST_KEY_UISupportedInterfaceOrientations_iPad = "UIInterfaceOrientationPortrait UIInterfaceOrientationPortraitUpsideDown UIInterfaceOrientationLandscapeLeft UIInterfaceOrientationLandscapeRight";
				INFOPLIST_KEY_UISupportedInterfaceOrientations_iPhone = "UIInterfaceOrientationPortrait UIInterfaceOrientationLandscapeLeft UIInterfaceOrientationLandscapeRight";
				LD_RUNPATH_SEARCH_PATHS = (
					"$(inherited)",
					"@executable_path/Frameworks",
				);
				MARKETING_VERSION = 1.0;
				PRODUCT_BUNDLE_IDENTIFIER = byteviasolutions.AIKnowledgeAssistant;
				PRODUCT_NAME = "$(TARGET_NAME)";
				STRING_CATALOG_GENERATE_SYMBOLS = YES;
				SWIFT_APPROACHABLE_CONCURRENCY = YES;
				SWIFT_DEFAULT_ACTOR_ISOLATION = MainActor;
				SWIFT_EMIT_LOC_STRINGS = YES;
				SWIFT_UPCOMING_FEATURE_MEMBER_IMPORT_VISIBILITY = YES;
				SWIFT_VERSION = 5.0;
				TARGETED_DEVICE_FAMILY = "1,2";
			};
			name = Debug;
		};
		BF40D4D32F52475100B1F8E1 /* Release */ = {
			isa = XCBuildConfiguration;
			buildSettings = {
				ASSETCATALOG_COMPILER_APPICON_NAME = AppIcon;
				ASSETCATALOG_COMPILER_GLOBAL_ACCENT_COLOR_NAME = AccentColor;
				CODE_SIGN_STYLE = Automatic;
				CURRENT_PROJECT_VERSION = 1;
				ENABLE_PREVIEWS = YES;
				GENERATE_INFOPLIST_FILE = YES;
				INFOPLIST_KEY_UIApplicationSceneManifest_Generation = YES;
				INFOPLIST_KEY_UIApplicationSupportsIndirectInputEvents = YES;
				INFOPLIST_KEY_UILaunchScreen_Generation = YES;
				INFOPLIST_KEY_UISupportedInterfaceOrientations_iPad = "UIInterfaceOrientationPortrait UIInterfaceOrientationPortraitUpsideDown UIInterfaceOrientationLandscapeLeft UIInterfaceOrientationLandscapeRight";
				INFOPLIST_KEY_UISupportedInterfaceOrientations_iPhone = "UIInterfaceOrientationPortrait UIInterfaceOrientationLandscapeLeft UIInterfaceOrientationLandscapeRight";
				LD_RUNPATH_SEARCH_PATHS = (
					"$(inherited)",
					"@executable_path/Frameworks",
				);
				MARKETING_VERSION = 1.0;
				PRODUCT_BUNDLE_IDENTIFIER = byteviasolutions.AIKnowledgeAssistant;
				PRODUCT_NAME = "$(TARGET_NAME)";
				STRING_CATALOG_GENERATE_SYMBOLS = YES;
				SWIFT_APPROACHABLE_CONCURRENCY = YES;
				SWIFT_DEFAULT_ACTOR_ISOLATION = MainActor;
				SWIFT_EMIT_LOC_STRINGS = YES;
				SWIFT_UPCOMING_FEATURE_MEMBER_IMPORT_VISIBILITY = YES;
				SWIFT_VERSION = 5.0;
				TARGETED_DEVICE_FAMILY = "1,2";
			};
			name = Release;
		};
/* End XCBuildConfiguration section */

/* Begin XCConfigurationList section */
		BF40D4C12F52475000B1F8E1 /* Build configuration list for PBXProject "AIKnowledgeAssistant" */ = {
			isa = XCConfigurationList;
			buildConfigurations = (
				BF40D4CF2F52475100B1F8E1 /* Debug */,
				BF40D4D02F52475100B1F8E1 /* Release */,
			);
			defaultConfigurationIsVisible = 0;
			defaultConfigurationName = Release;
		};
		BF40D4D12F52475100B1F8E1 /* Build configuration list for PBXNativeTarget "AIKnowledgeAssistant" */ = {
			isa = XCConfigurationList;
			buildConfigurations = (
				BF40D4D22F52475100B1F8E1 /* Debug */,
				BF40D4D32F52475100B1F8E1 /* Release */,
			);
			defaultConfigurationIsVisible = 0;
			defaultConfigurationName = Release;
		};
/* End XCConfigurationList section */
	};
	rootObject = BF40D4BE2F52475000B1F8E1 /* Project object */;
}
